
Microsoft Visual Studio Solution File, Format Version 12.00
# Visual Studio Version 17
VisualStudioVersion = 17.3.32929.385
MinimumVisualStudioVersion = 10.0.40219.1
Project("{9A19103F-16F7-4668-BE54-9A1E7A4F7556}") = "DragAndDropWithDependency", "CustomWPFApplications\DragAndDropWithDependency.csproj", "{30173636-B3EC-4AC4-84DA-ADCC0B7372BF}"
EndProject
Project("{FAE04EC0-301F-11D3-BF4B-00C04F79EFBC}") = "DynamicViewWithDynamicObject", "DynamicViewWithDynamicObject\DynamicViewWithDynamicObject.csproj", "{C733EED9-7A4E-45CC-9AC5-09CB98DC24D9}"
EndProject
Global
	GlobalSection(SolutionConfigurationPlatforms) = preSolution
		Debug|Any CPU = Debug|Any CPU
		Release|Any CPU = Release|Any CPU
	EndGlobalSection
	GlobalSection(ProjectConfigurationPlatforms) = postSolution
		{30173636-B3EC-4AC4-84DA-ADCC0B7372BF}.Debug|Any CPU.ActiveCfg = Debug|Any CPU
		{30173636-B3EC-4AC4-84DA-ADCC0B7372BF}.Debug|Any CPU.Build.0 = Debug|Any CPU
		{30173636-B3EC-4AC4-84DA-ADCC0B7372BF}.Release|Any CPU.ActiveCfg = Release|Any CPU
		{30173636-B3EC-4AC4-84DA-ADCC0B7372BF}.Release|Any CPU.Build.0 = Release|Any CPU
		{C733EED9-7A4E-45CC-9AC5-09CB98DC24D9}.Debug|Any CPU.ActiveCfg = Debug|Any CPU
		{C733EED9-7A4E-45CC-9AC5-09CB98DC24D9}.Debug|Any CPU.Build.0 = Debug|Any CPU
		{C733EED9-7A4E-45CC-9AC5-09CB98DC24D9}.Release|Any CPU.ActiveCfg = Release|Any CPU
		{C733EED9-7A4E-45CC-9AC5-09CB98DC24D9}.Release|Any CPU.Build.0 = Release|Any CPU
	EndGlobalSection
	GlobalSection(SolutionProperties) = preSolution
		HideSolutionNode = FALSE
	EndGlobalSection
	GlobalSection(ExtensibilityGlobals) = postSolution
		SolutionGuid = {C6895A0F-20F8-48C3-A923-126B12BC79D4}
	EndGlobalSection
EndGlobal
